// !$*UTF8*$!
{
	archiveVersion = 1;
	classes = {
	};
	objectVersion = 56;
	objects = {

/* Begin PBXBuildFile section */
		42C336D0254FF6B213C99BB5 /* Pods_TalkYu.framework in Frameworks */ = {isa = PBXBuildFile; fileRef = 1BCF17DE5445457E1F28046D /* Pods_TalkYu.framework */; };
		7AB58F8929A8F06C003D07F6 /* AppDelegate.m in Sources */ = {isa = PBXBuildFile; fileRef = 7AB58F8829A8F06C003D07F6 /* AppDelegate.m */; };
		7AB58F8C29A8F06C003D07F6 /* LoginViewController.m in Sources */ = {isa = PBXBuildFile; fileRef = 7AB58F8B29A8F06C003D07F6 /* LoginViewController.m */; };
		7AB58F8E29A8F06E003D07F6 /* Assets.xcassets in Resources */ = {isa = PBXBuildFile; fileRef = 7AB58F8D29A8F06E003D07F6 /* Assets.xcassets */; };
		7AB58F9129A8F06E003D07F6 /* Main.storyboard in Resources */ = {isa = PBXBuildFile; fileRef = 7AB58F8F29A8F06E003D07F6 /* Main.storyboard */; };
		7AB58F9329A8F06E003D07F6 /* main.m in Sources */ = {isa = PBXBuildFile; fileRef = 7AB58F9229A8F06E003D07F6 /* main.m */; };
		7AB58F9D29A8FC80003D07F6 /* MainPageViewController.m in Sources */ = {isa = PBXBuildFile; fileRef = 7AB58F9B29A8FC80003D07F6 /* MainPageViewController.m */; };
		7AB58F9E29A8FC80003D07F6 /* MainPageViewController.xib in Resources */ = {isa = PBXBuildFile; fileRef = 7AB58F9C29A8FC80003D07F6 /* MainPageViewController.xib */; };
		7AB58FA229A902A2003D07F6 /* GoogleService-Info.plist in Resources */ = {isa = PBXBuildFile; fileRef = 7AB58FA129A902A2003D07F6 /* GoogleService-Info.plist */; };
		7AB58FA529A912FB003D07F6 /* SidebarViewController.m in Sources */ = {isa = PBXBuildFile; fileRef = 7AB58FA429A912FB003D07F6 /* SidebarViewController.m */; };
/* End PBXBuildFile section */

/* Begin PBXFileReference section */
		1BCF17DE5445457E1F28046D /* Pods_TalkYu.framework */ = {isa = PBXFileReference; explicitFileType = wrapper.framework; includeInIndex = 0; path = Pods_TalkYu.framework; sourceTree = BUILT_PRODUCTS_DIR; };
		64E78339ADE4E81AD82BF9CC /* Pods-TalkYu.debug.xcconfig */ = {isa = PBXFileReference; includeInIndex = 1; lastKnownFileType = text.xcconfig; name = "Pods-TalkYu.debug.xcconfig"; path = "Target Support Files/Pods-TalkYu/Pods-TalkYu.debug.xcconfig"; sourceTree = "<group>"; };
		7AB58F8429A8F06C003D07F6 /* TalkYu.app */ = {isa = PBXFileReference; explicitFileType = wrapper.application; includeInIndex = 0; path = TalkYu.app; sourceTree = BUILT_PRODUCTS_DIR; };
		7AB58F8729A8F06C003D07F6 /* AppDelegate.h */ = {isa = PBXFileReference; lastKnownFileType = sourcecode.c.h; path = AppDelegate.h; sourceTree = "<group>"; };
		7AB58F8829A8F06C003D07F6 /* AppDelegate.m */ = {isa = PBXFileReference; lastKnownFileType = sourcecode.c.objc; path = AppDelegate.m; sourceTree = "<group>"; };
		7AB58F8A29A8F06C003D07F6 /* LoginViewController.h */ = {isa = PBXFileReference; lastKnownFileType = sourcecode.c.h; path = LoginViewController.h; sourceTree = "<group>"; };
		7AB58F8B29A8F06C003D07F6 /* LoginViewController.m */ = {isa = PBXFileReference; lastKnownFileType = sourcecode.c.objc; path = LoginViewController.m; sourceTree = "<group>"; };
		7AB58F8D29A8F06E003D07F6 /* Assets.xcassets */ = {isa = PBXFileReference; lastKnownFileType = folder.assetcatalog; path = Assets.xcassets; sourceTree = "<group>"; };
		7AB58F9029A8F06E003D07F6 /* Base */ = {isa = PBXFileReference; lastKnownFileType = file.storyboard; name = Base; path = Base.lproj/Main.storyboard; sourceTree = "<group>"; };
		7AB58F9229A8F06E003D07F6 /* main.m */ = {isa = PBXFileReference; lastKnownFileType = sourcecode.c.objc; path = main.m; sourceTree = "<group>"; };
		7AB58F9429A8F06E003D07F6 /* TalkYu.entitlements */ = {isa = PBXFileReference; lastKnownFileType = text.plist.entitlements; path = TalkYu.entitlements; sourceTree = "<group>"; };
		7AB58F9A29A8FC80003D07F6 /* MainPageViewController.h */ = {isa = PBXFileReference; lastKnownFileType = sourcecode.c.h; path = MainPageViewController.h; sourceTree = "<group>"; };
		7AB58F9B29A8FC80003D07F6 /* MainPageViewController.m */ = {isa = PBXFileReference; lastKnownFileType = sourcecode.c.objc; path = MainPageViewController.m; sourceTree = "<group>"; };
		7AB58F9C29A8FC80003D07F6 /* MainPageViewController.xib */ = {isa = PBXFileReference; lastKnownFileType = file.xib; path = MainPageViewController.xib; sourceTree = "<group>"; };
		7AB58FA129A902A2003D07F6 /* GoogleService-Info.plist */ = {isa = PBXFileReference; fileEncoding = 4; lastKnownFileType = text.plist.xml; path = "GoogleService-Info.plist"; sourceTree = "<group>"; };
		7AB58FA329A912FB003D07F6 /* SidebarViewController.h */ = {isa = PBXFileReference; lastKnownFileType = sourcecode.c.h; path = SidebarViewController.h; sourceTree = "<group>"; };
		7AB58FA429A912FB003D07F6 /* SidebarViewController.m */ = {isa = PBXFileReference; lastKnownFileType = sourcecode.c.objc; path = SidebarViewController.m; sourceTree = "<group>"; };
		D0707EE881DD7F6D50790A3C /* Pods-TalkYu.release.xcconfig */ = {isa = PBXFileReference; includeInIndex = 1; lastKnownFileType = text.xcconfig; name = "Pods-TalkYu.release.xcconfig"; path = "Target Support Files/Pods-TalkYu/Pods-TalkYu.release.xcconfig"; sourceTree = "<group>"; };
/* End PBXFileReference section */

/* Begin PBXFrameworksBuildPhase section */
		7AB58F8129A8F06C003D07F6 /* Frameworks */ = {
			isa = PBXFrameworksBuildPhase;
			buildActionMask = 2147483647;
			files = (
				42C336D0254FF6B213C99BB5 /* Pods_TalkYu.framework in Frameworks */,
			);
			runOnlyForDeploymentPostprocessing = 0;
		};
/* End PBXFrameworksBuildPhase section */

/* Begin PBXGroup section */
		7AB58F7B29A8F06C003D07F6 = {
			isa = PBXGroup;
			children = (
				7AB58F8629A8F06C003D07F6 /* TalkYu */,
				7AB58F8529A8F06C003D07F6 /* Products */,
				9A4A97A4E2D5859D6C92F07F /* Pods */,
				AE1E489E2E22BE34ACF2B581 /* Frameworks */,
			);
			sourceTree = "<group>";
		};
		7AB58F8529A8F06C003D07F6 /* Products */ = {
			isa = PBXGroup;
			children = (
				7AB58F8429A8F06C003D07F6 /* TalkYu.app */,
			);
			name = Products;
			sourceTree = "<group>";
		};
		7AB58F8629A8F06C003D07F6 /* TalkYu */ = {
			isa = PBXGroup;
			children = (
				7AB58FA029A8FC96003D07F6 /* Headers */,
				7AB58F9F29A8FC88003D07F6 /* Controllers */,
				7AB58F8829A8F06C003D07F6 /* AppDelegate.m */,
				7AB58F8D29A8F06E003D07F6 /* Assets.xcassets */,
				7AB58F8F29A8F06E003D07F6 /* Main.storyboard */,
				7AB58F9229A8F06E003D07F6 /* main.m */,
				7AB58F9429A8F06E003D07F6 /* TalkYu.entitlements */,
				7AB58F9C29A8FC80003D07F6 /* MainPageViewController.xib */,
				7AB58FA129A902A2003D07F6 /* GoogleService-Info.plist */,
			);
			path = TalkYu;
			sourceTree = "<group>";
		};
		7AB58F9F29A8FC88003D07F6 /* Controllers */ = {
			isa = PBXGroup;
			children = (
				7AB58F9B29A8FC80003D07F6 /* MainPageViewController.m */,
				7AB58F8B29A8F06C003D07F6 /* LoginViewController.m */,
				7AB58FA429A912FB003D07F6 /* SidebarViewController.m */,
			);
			path = Controllers;
			sourceTree = "<group>";
		};
		7AB58FA029A8FC96003D07F6 /* Headers */ = {
			isa = PBXGroup;
			children = (
				7AB58F9A29A8FC80003D07F6 /* MainPageViewController.h */,
				7AB58F8729A8F06C003D07F6 /* AppDelegate.h */,
				7AB58F8A29A8F06C003D07F6 /* LoginViewController.h */,
				7AB58FA329A912FB003D07F6 /* SidebarViewController.h */,
			);
			path = Headers;
			sourceTree = "<group>";
		};
		9A4A97A4E2D5859D6C92F07F /* Pods */ = {
			isa = PBXGroup;
			children = (
				64E78339ADE4E81AD82BF9CC /* Pods-TalkYu.debug.xcconfig */,
				D0707EE881DD7F6D50790A3C /* Pods-TalkYu.release.xcconfig */,
			);
			name = Pods;
			path = Pods;
			sourceTree = "<group>";
		};
		AE1E489E2E22BE34ACF2B581 /* Frameworks */ = {
			isa = PBXGroup;
			children = (
				1BCF17DE5445457E1F28046D /* Pods_TalkYu.framework */,
			);
			name = Frameworks;
			sourceTree = "<group>";
		};
/* End PBXGroup section */

/* Begin PBXNativeTarget section */
		7AB58F8329A8F06C003D07F6 /* TalkYu */ = {
			isa = PBXNativeTarget;
			buildConfigurationList = 7AB58F9729A8F06E003D07F6 /* Build configuration list for PBXNativeTarget "TalkYu" */;
			buildPhases = (
				9DD91AF706AEA760C3206F14 /* [CP] Check Pods Manifest.lock */,
				7AB58F8029A8F06C003D07F6 /* Sources */,
				7AB58F8129A8F06C003D07F6 /* Frameworks */,
				7AB58F8229A8F06C003D07F6 /* Resources */,
				902E2BB4AB63080AEDAD05F0 /* [CP] Embed Pods Frameworks */,
			);
			buildRules = (
			);
			dependencies = (
			);
			name = TalkYu;
			productName = TalkYu;
			productReference = 7AB58F8429A8F06C003D07F6 /* TalkYu.app */;
			productType = "com.apple.product-type.application";
		};
/* End PBXNativeTarget section */

/* Begin PBXProject section */
		7AB58F7C29A8F06C003D07F6 /* Project object */ = {
			isa = PBXProject;
			attributes = {
				BuildIndependentTargetsInParallel = 1;
				LastUpgradeCheck = 1410;
				TargetAttributes = {
					7AB58F8329A8F06C003D07F6 = {
						CreatedOnToolsVersion = 14.1;
					};
				};
			};
			buildConfigurationList = 7AB58F7F29A8F06C003D07F6 /* Build configuration list for PBXProject "TalkYu" */;
			compatibilityVersion = "Xcode 14.0";
			developmentRegion = en;
			hasScannedForEncodings = 0;
			knownRegions = (
				en,
				Base,
			);
			mainGroup = 7AB58F7B29A8F06C003D07F6;
			productRefGroup = 7AB58F8529A8F06C003D07F6 /* Products */;
			projectDirPath = "";
			projectRoot = "";
			targets = (
				7AB58F8329A8F06C003D07F6 /* TalkYu */,
			);
		};
/* End PBXProject section */

/* Begin PBXResourcesBuildPhase section */
		7AB58F8229A8F06C003D07F6 /* Resources */ = {
			isa = PBXResourcesBuildPhase;
			buildActionMask = 2147483647;
			files = (
				7AB58F8E29A8F06E003D07F6 /* Assets.xcassets in Resources */,
				7AB58F9E29A8FC80003D07F6 /* MainPageViewController.xib in Resources */,
				7AB58F9129A8F06E003D07F6 /* Main.storyboard in Resources */,
				7AB58FA229A902A2003D07F6 /* GoogleService-Info.plist in Resources */,
			);
			runOnlyForDeploymentPostprocessing = 0;
		};
/* End PBXResourcesBuildPhase section */

/* Begin PBXShellScriptBuildPhase section */
		902E2BB4AB63080AEDAD05F0 /* [CP] Embed Pods Frameworks */ = {
			isa = PBXShellScriptBuildPhase;
			buildActionMask = 2147483647;
			files = (
			);
			inputFileListPaths = (
				"${PODS_ROOT}/Target Support Files/Pods-TalkYu/Pods-TalkYu-frameworks-${CONFIGURATION}-input-files.xcfilelist",
			);
			name = "[CP] Embed Pods Frameworks";
			outputFileListPaths = (
				"${PODS_ROOT}/Target Support Files/Pods-TalkYu/Pods-TalkYu-frameworks-${CONFIGURATION}-output-files.xcfilelist",
			);
			runOnlyForDeploymentPostprocessing = 0;
			shellPath = /bin/sh;
			shellScript = "\"${PODS_ROOT}/Target Support Files/Pods-TalkYu/Pods-TalkYu-frameworks.sh\"\n";
			showEnvVarsInLog = 0;
		};
		9DD91AF706AEA760C3206F14 /* [CP] Check Pods Manifest.lock */ = {
			isa = PBXShellScriptBuildPhase;
			buildActionMask = 2147483647;
			files = (
			);
			inputFileListPaths = (
			);
			inputPaths = (
				"${PODS_PODFILE_DIR_PATH}/Podfile.lock",
				"${PODS_ROOT}/Manifest.lock",
			);
			name = "[CP] Check Pods Manifest.lock";
			outputFileListPaths = (
			);
			outputPaths = (
				"$(DERIVED_FILE_DIR)/Pods-TalkYu-checkManifestLockResult.txt",
			);
			runOnlyForDeploymentPostprocessing = 0;
			shellPath = /bin/sh;
			shellScript = "diff \"${PODS_PODFILE_DIR_PATH}/Podfile.lock\" \"${PODS_ROOT}/Manifest.lock\" > /dev/null\nif [ $? != 0 ] ; then\n    # print error to STDERR\n    echo \"error: The sandbox is not in sync with the Podfile.lock. Run 'pod install' or update your CocoaPods installation.\" >&2\n    exit 1\nfi\n# This output is used by Xcode 'outputs' to avoid re-running this script phase.\necho \"SUCCESS\" > \"${SCRIPT_OUTPUT_FILE_0}\"\n";
			showEnvVarsInLog = 0;
		};
/* End PBXShellScriptBuildPhase section */

/* Begin PBXSourcesBuildPhase section */
		7AB58F8029A8F06C003D07F6 /* Sources */ = {
			isa = PBXSourcesBuildPhase;
			buildActionMask = 2147483647;
			files = (
				7AB58FA529A912FB003D07F6 /* SidebarViewController.m in Sources */,
				7AB58F9D29A8FC80003D07F6 /* MainPageViewController.m in Sources */,
				7AB58F8C29A8F06C003D07F6 /* LoginViewController.m in Sources */,
				7AB58F9329A8F06E003D07F6 /* main.m in Sources */,
				7AB58F8929A8F06C003D07F6 /* AppDelegate.m in Sources */,
			);
			runOnlyForDeploymentPostprocessing = 0;
		};
/* End PBXSourcesBuildPhase section */

/* Begin PBXVariantGroup section */
		7AB58F8F29A8F06E003D07F6 /* Main.storyboard */ = {
			isa = PBXVariantGroup;
			children = (
				7AB58F9029A8F06E003D07F6 /* Base */,
			);
			name = Main.storyboard;
			sourceTree = "<group>";
		};
/* End PBXVariantGroup section */

/* Begin XCBuildConfiguration section */
		7AB58F9529A8F06E003D07F6 /* Debug */ = {
			isa = XCBuildConfiguration;
			buildSettings = {
				ALWAYS_SEARCH_USER_PATHS = NO;
				CLANG_ANALYZER_NONNULL = YES;
				CLANG_ANALYZER_NUMBER_OBJECT_CONVERSION = YES_AGGRESSIVE;
				CLANG_CXX_LANGUAGE_STANDARD = "gnu++20";
				CLANG_ENABLE_MODULES = YES;
				CLANG_ENABLE_OBJC_ARC = YES;
				CLANG_ENABLE_OBJC_WEAK = YES;
				CLANG_WARN_BLOCK_CAPTURE_AUTORELEASING = YES;
				CLANG_WARN_BOOL_CONVERSION = YES;
				CLANG_WARN_COMMA = YES;
				CLANG_WARN_CONSTANT_CONVERSION = YES;
				CLANG_WARN_DEPRECATED_OBJC_IMPLEMENTATIONS = YES;
				CLANG_WARN_DIRECT_OBJC_ISA_USAGE = YES_ERROR;
				CLANG_WARN_DOCUMENTATION_COMMENTS = YES;
				CLANG_WARN_EMPTY_BODY = YES;
				CLANG_WARN_ENUM_CONVERSION = YES;
				CLANG_WARN_INFINITE_RECURSION = YES;
				CLANG_WARN_INT_CONVERSION = YES;
				CLANG_WARN_NON_LITERAL_NULL_CONVERSION = YES;
				CLANG_WARN_OBJC_IMPLICIT_RETAIN_SELF = YES;
				CLANG_WARN_OBJC_LITERAL_CONVERSION = YES;
				CLANG_WARN_OBJC_ROOT_CLASS = YES_ERROR;
				CLANG_WARN_QUOTED_INCLUDE_IN_FRAMEWORK_HEADER = YES;
				CLANG_WARN_RANGE_LOOP_ANALYSIS = YES;
				CLANG_WARN_STRICT_PROTOTYPES = YES;
				CLANG_WARN_SUSPICIOUS_MOVE = YES;
				CLANG_WARN_UNGUARDED_AVAILABILITY = YES_AGGRESSIVE;
				CLANG_WARN_UNREACHABLE_CODE = YES;
				CLANG_WARN__DUPLICATE_METHOD_MATCH = YES;
				COPY_PHASE_STRIP = NO;
				DEBUG_INFORMATION_FORMAT = dwarf;
				ENABLE_STRICT_OBJC_MSGSEND = YES;
				ENABLE_TESTABILITY = YES;
				GCC_C_LANGUAGE_STANDARD = gnu11;
				GCC_DYNAMIC_NO_PIC = NO;
				GCC_NO_COMMON_BLOCKS = YES;
				GCC_OPTIMIZATION_LEVEL = 0;
				GCC_PREPROCESSOR_DEFINITIONS = (
					"DEBUG=1",
					"$(inherited)",
				);
				GCC_WARN_64_TO_32_BIT_CONVERSION = YES;
				GCC_WARN_ABOUT_RETURN_TYPE = YES_ERROR;
				GCC_WARN_UNDECLARED_SELECTOR = YES;
				GCC_WARN_UNINITIALIZED_AUTOS = YES_AGGRESSIVE;
				GCC_WARN_UNUSED_FUNCTION = YES;
				GCC_WARN_UNUSED_VARIABLE = YES;
				MACOSX_DEPLOYMENT_TARGET = 13.0;
				MTL_ENABLE_DEBUG_INFO = INCLUDE_SOURCE;
				MTL_FAST_MATH = YES;
				ONLY_ACTIVE_ARCH = YES;
				SDKROOT = macosx;
			};
			name = Debug;
		};
		7AB58F9629A8F06E003D07F6 /* Release */ = {
			isa = XCBuildConfiguration;
			buildSettings = {
				ALWAYS_SEARCH_USER_PATHS = NO;
				CLANG_ANALYZER_NONNULL = YES;
				CLANG_ANALYZER_NUMBER_OBJECT_CONVERSION = YES_AGGRESSIVE;
				CLANG_CXX_LANGUAGE_STANDARD = "gnu++20";
				CLANG_ENABLE_MODULES = YES;
				CLANG_ENABLE_OBJC_ARC = YES;
				CLANG_ENABLE_OBJC_WEAK = YES;
				CLANG_WARN_BLOCK_CAPTURE_AUTORELEASING = YES;
				CLANG_WARN_BOOL_CONVERSION = YES;
				CLANG_WARN_COMMA = YES;
				CLANG_WARN_CONSTANT_CONVERSION = YES;
				CLANG_WARN_DEPRECATED_OBJC_IMPLEMENTATIONS = YES;
				CLANG_WARN_DIRECT_OBJC_ISA_USAGE = YES_ERROR;
				CLANG_WARN_DOCUMENTATION_COMMENTS = YES;
				CLANG_WARN_EMPTY_BODY = YES;
				CLANG_WARN_ENUM_CONVERSION = YES;
				CLANG_WARN_INFINITE_RECURSION = YES;
				CLANG_WARN_INT_CONVERSION = YES;
				CLANG_WARN_NON_LITERAL_NULL_CONVERSION = YES;
				CLANG_WARN_OBJC_IMPLICIT_RETAIN_SELF = YES;
				CLANG_WARN_OBJC_LITERAL_CONVERSION = YES;
				CLANG_WARN_OBJC_ROOT_CLASS = YES_ERROR;
				CLANG_WARN_QUOTED_INCLUDE_IN_FRAMEWORK_HEADER = YES;
				CLANG_WARN_RANGE_LOOP_ANALYSIS = YES;
				CLANG_WARN_STRICT_PROTOTYPES = YES;
				CLANG_WARN_SUSPICIOUS_MOVE = YES;
				CLANG_WARN_UNGUARDED_AVAILABILITY = YES_AGGRESSIVE;
				CLANG_WARN_UNREACHABLE_CODE = YES;
				CLANG_WARN__DUPLICATE_METHOD_MATCH = YES;
				COPY_PHASE_STRIP = NO;
				DEBUG_INFORMATION_FORMAT = "dwarf-with-dsym";
				ENABLE_NS_ASSERTIONS = NO;
				ENABLE_STRICT_OBJC_MSGSEND = YES;
				GCC_C_LANGUAGE_STANDARD = gnu11;
				GCC_NO_COMMON_BLOCKS = YES;
				GCC_WARN_64_TO_32_BIT_CONVERSION = YES;
				GCC_WARN_ABOUT_RETURN_TYPE = YES_ERROR;
				GCC_WARN_UNDECLARED_SELECTOR = YES;
				GCC_WARN_UNINITIALIZED_AUTOS = YES_AGGRESSIVE;
				GCC_WARN_UNUSED_FUNCTION = YES;
				GCC_WARN_UNUSED_VARIABLE = YES;
				MACOSX_DEPLOYMENT_TARGET = 13.0;
				MTL_ENABLE_DEBUG_INFO = NO;
				MTL_FAST_MATH = YES;
				SDKROOT = macosx;
			};
			name = Release;
		};
		7AB58F9829A8F06E003D07F6 /* Debug */ = {
			isa = XCBuildConfiguration;
			baseConfigurationReference = 64E78339ADE4E81AD82BF9CC /* Pods-TalkYu.debug.xcconfig */;
			buildSettings = {
				ASSETCATALOG_COMPILER_APPICON_NAME = AppIcon;
				ASSETCATALOG_COMPILER_GLOBAL_ACCENT_COLOR_NAME = AccentColor;
				CODE_SIGN_ENTITLEMENTS = TalkYu/TalkYu.entitlements;
				CODE_SIGN_STYLE = Automatic;
				COMBINE_HIDPI_IMAGES = YES;
				CURRENT_PROJECT_VERSION = 1;
				DEVELOPMENT_TEAM = 9V43N6T968;
				ENABLE_HARDENED_RUNTIME = YES;
				GENERATE_INFOPLIST_FILE = YES;
				INFOPLIST_KEY_NSHumanReadableCopyright = "";
				INFOPLIST_KEY_NSMainStoryboardFile = Main;
				INFOPLIST_KEY_NSPrincipalClass = NSApplication;
				LD_RUNPATH_SEARCH_PATHS = (
					"$(inherited)",
					"@executable_path/../Frameworks",
				);
				MARKETING_VERSION = 1.0;
				PRODUCT_BUNDLE_IDENTIFIER = com.anshumali.TalkYu;
				PRODUCT_NAME = "$(TARGET_NAME)";
				SWIFT_EMIT_LOC_STRINGS = YES;
			};
			name = Debug;
		};
		7AB58F9929A8F06E003D07F6 /* Release */ = {
			isa = XCBuildConfiguration;
			baseConfigurationReference = D0707EE881DD7F6D50790A3C /* Pods-TalkYu.release.xcconfig */;
			buildSettings = {
				ASSETCATALOG_COMPILER_APPICON_NAME = AppIcon;
				ASSETCATALOG_COMPILER_GLOBAL_ACCENT_COLOR_NAME = AccentColor;
				CODE_SIGN_ENTITLEMENTS = TalkYu/TalkYu.entitlements;
				CODE_SIGN_STYLE = Automatic;
				COMBINE_HIDPI_IMAGES = YES;
				CURRENT_PROJECT_VERSION = 1;
				DEVELOPMENT_TEAM = 9V43N6T968;
				ENABLE_HARDENED_RUNTIME = YES;
				GENERATE_INFOPLIST_FILE = YES;
				INFOPLIST_KEY_NSHumanReadableCopyright = "";
				INFOPLIST_KEY_NSMainStoryboardFile = Main;
				INFOPLIST_KEY_NSPrincipalClass = NSApplication;
				LD_RUNPATH_SEARCH_PATHS = (
					"$(inherited)",
					"@executable_path/../Frameworks",
				);
				MARKETING_VERSION = 1.0;
				PRODUCT_BUNDLE_IDENTIFIER = com.anshumali.TalkYu;
				PRODUCT_NAME = "$(TARGET_NAME)";
				SWIFT_EMIT_LOC_STRINGS = YES;
			};
			name = Release;
		};
/* End XCBuildConfiguration section */

/* Begin XCConfigurationList section */
		7AB58F7F29A8F06C003D07F6 /* Build configuration list for PBXProject "TalkYu" */ = {
			isa = XCConfigurationList;
			buildConfigurations = (
				7AB58F9529A8F06E003D07F6 /* Debug */,
				7AB58F9629A8F06E003D07F6 /* Release */,
			);
			defaultConfigurationIsVisible = 0;
			defaultConfigurationName = Release;
		};
		7AB58F9729A8F06E003D07F6 /* Build configuration list for PBXNativeTarget "TalkYu" */ = {
			isa = XCConfigurationList;
			buildConfigurations = (
				7AB58F9829A8F06E003D07F6 /* Debug */,
				7AB58F9929A8F06E003D07F6 /* Release */,
			);
			defaultConfigurationIsVisible = 0;
			defaultConfigurationName = Release;
		};
/* End XCConfigurationList section */
	};
	rootObject = 7AB58F7C29A8F06C003D07F6 /* Project object */;
}
